
Microsoft Visual Studio Solution File, Format Version 12.00
# Visual Studio Version 17
VisualStudioVersion = 17.0.32014.148
MinimumVisualStudioVersion = 10.0.40219.1
Project("{FAE04EC0-301F-11D3-BF4B-00C04F79EFBC}") = "Exceptions", "Exceptions\Exceptions.csproj", "{F8C0371F-0395-46A0-8C8F-6D87221D11A0}"
EndProject
Global
	GlobalSection(SolutionConfigurationPlatforms) = preSolution
		Debug|Any CPU = Debug|Any CPU
		Release|Any CPU = Release|Any CPU
	EndGlobalSection
	GlobalSection(ProjectConfigurationPlatforms) = postSolution
		{F8C0371F-0395-46A0-8C8F-6D87221D11A0}.Debug|Any CPU.ActiveCfg = Debug|Any CPU
		{F8C0371F-0395-46A0-8C8F-6D87221D11A0}.Debug|Any CPU.Build.0 = Debug|Any CPU
		{F8C0371F-0395-46A0-8C8F-6D87221D11A0}.Release|Any CPU.ActiveCfg = Release|Any CPU
		{F8C0371F-0395-46A0-8C8F-6D87221D11A0}.Release|Any CPU.Build.0 = Release|Any CPU
	EndGlobalSection
	GlobalSection(SolutionProperties) = preSolution
		HideSolutionNode = FALSE
	EndGlobalSection
	GlobalSection(ExtensibilityGlobals) = postSolution
		SolutionGuid = {5ED9D581-0238-4E24-8D3E-96087664CBF5}
	EndGlobalSection
EndGlobal
